
Microsoft Visual Studio Solution File, Format Version 12.00
# Visual Studio Version 17
VisualStudioVersion = 17.5.002.0
MinimumVisualStudioVersion = 10.0.40219.1
Project("{9A19103F-16F7-4668-BE54-9A1E7A4F7556}") = "dcit318-assignment2-10968137", "dcit318-assignment2-10968137.csproj", "{EB6B29B3-6A7F-4C58-A4E7-C08AA6066023}"
EndProject
Global
	GlobalSection(SolutionConfigurationPlatforms) = preSolution
		Debug|Any CPU = Debug|Any CPU
		Release|Any CPU = Release|Any CPU
	EndGlobalSection
	GlobalSection(ProjectConfigurationPlatforms) = postSolution
		{EB6B29B3-6A7F-4C58-A4E7-C08AA6066023}.Debug|Any CPU.ActiveCfg = Debug|Any CPU
		{EB6B29B3-6A7F-4C58-A4E7-C08AA6066023}.Debug|Any CPU.Build.0 = Debug|Any CPU
		{EB6B29B3-6A7F-4C58-A4E7-C08AA6066023}.Release|Any CPU.ActiveCfg = Release|Any CPU
		{EB6B29B3-6A7F-4C58-A4E7-C08AA6066023}.Release|Any CPU.Build.0 = Release|Any CPU
	EndGlobalSection
	GlobalSection(SolutionProperties) = preSolution
		HideSolutionNode = FALSE
	EndGlobalSection
	GlobalSection(ExtensibilityGlobals) = postSolution
		SolutionGuid = {B63C5A80-2DC4-4585-BB22-FEF02839E3F9}
	EndGlobalSection
EndGlobal
